
Microsoft Visual Studio Solution File, Format Version 12.00
# Visual Studio 2012
Project("{FAE04EC0-301F-11D3-BF4B-00C04F79EFBC}") = "AmazonBilling", "AmazonBilling\AmazonBilling.csproj", "{F8541FAA-E0C7-406E-A11D-4CD7E8C69BBF}"
EndProject
Project("{FAE04EC0-301F-11D3-BF4B-00C04F79EFBC}") = "GoogleAdMob", "GoogleAdMob\GoogleAdMob.csproj", "{D6827F85-B9C3-48AD-968D-53D1C259E5E7}"
EndProject
Project("{FAE04EC0-301F-11D3-BF4B-00C04F79EFBC}") = "GoogleAnalytics", "GoogleAnalytics\GoogleAnalytics.csproj", "{6F4EB0F9-34EE-4DB8-A4E0-CA85C10768E3}"
EndProject
Project("{FAE04EC0-301F-11D3-BF4B-00C04F79EFBC}") = "GooglePlayBilling", "GooglePlayBilling\GooglePlayBilling.csproj", "{18DF94F0-CB59-4416-A247-8DE82E80B542}"
EndProject
Project("{FAE04EC0-301F-11D3-BF4B-00C04F79EFBC}") = "TapjoyConnect", "TapjoyConnect\TapjoyConnect.csproj", "{CE2FCC06-DB0F-4B7A-82D9-0F6BF46BF2A5}"
EndProject
Project("{FAE04EC0-301F-11D3-BF4B-00C04F79EFBC}") = "Facebook", "Facebook\Facebook.csproj", "{49CE3648-7A6C-4C66-9D66-DDFE3C96CF54}"
EndProject
Project("{FAE04EC0-301F-11D3-BF4B-00C04F79EFBC}") = "SamsungChord", "SamsungChord\SamsungChord.csproj", "{4EC38E57-B2F2-42C7-8A8C-AF62EC114408}"
EndProject
Project("{FAE04EC0-301F-11D3-BF4B-00C04F79EFBC}") = "TestApplication", "TestApplication\TestApplication.csproj", "{DA664C54-1A2A-4DD5-8FE0-0CFFE8191547}"
EndProject
Project("{FAE04EC0-301F-11D3-BF4B-00C04F79EFBC}") = "SamsungIAP", "SamsungInAppPurchase\SamsungIAP.csproj", "{4E4E227F-AFFA-48AE-9C21-079771C30015}"
EndProject
Project("{FAE04EC0-301F-11D3-BF4B-00C04F79EFBC}") = "SamsungAdHub", "SamsungAdHub\SamsungAdHub.csproj", "{64FCC200-C9BD-4637-BBAA-C58AE64FD7A7}"
EndProject
Project("{FAE04EC0-301F-11D3-BF4B-00C04F79EFBC}") = "GooglePlayServices", "GooglePlayServices\GooglePlayServices.csproj", "{FCCAF939-0B17-44DC-99F4-883593EAC019}"
EndProject
Project("{FAE04EC0-301F-11D3-BF4B-00C04F79EFBC}") = "AzureNotificationHub", "AzureNotificationHub\AzureNotificationHub.csproj", "{85788ACB-3A19-4C20-AC99-58D1F1C61036}"
EndProject
Project("{FAE04EC0-301F-11D3-BF4B-00C04F79EFBC}") = "TestFlight", "TestFlight\TestFlight.csproj", "{0D3996C3-07A6-41CB-91E5-2E9651DC33F5}"
EndProject
Project("{FAE04EC0-301F-11D3-BF4B-00C04F79EFBC}") = "MillennialMedia", "MillennialMedia\MillennialMedia.csproj", "{9C1C8C94-64FC-47C5-A237-ACDE9F593F16}"
EndProject
Project("{FAE04EC0-301F-11D3-BF4B-00C04F79EFBC}") = "SPenBinding", "SPenBinding\SPenBinding.csproj", "{D35F7C22-C061-423B-8BED-7A476E0F652A}"
EndProject
Project("{FAE04EC0-301F-11D3-BF4B-00C04F79EFBC}") = "TalkingGame", "TalkingGame\TalkingGame.csproj", "{BAC6D4ED-86FC-4297-894C-E94DD08D6B2E}"
EndProject
Project("{FAE04EC0-301F-11D3-BF4B-00C04F79EFBC}") = "IJavaObjectEx", "IJavaObjectEx\IJavaObjectEx.csproj", "{CB380599-1DCD-4495-BE9D-754A9218DF9A}"
EndProject
Project("{FAE04EC0-301F-11D3-BF4B-00C04F79EFBC}") = "StartApp", "StartApp\StartApp.csproj", "{6A26716B-622D-41A4-B318-C7DFC8BAEE24}"
EndProject
Project("{FAE04EC0-301F-11D3-BF4B-00C04F79EFBC}") = "Fabric", "Fabric\Fabric.csproj", "{AA581343-66F0-41B2-B648-7443084BDBB5}"
EndProject
Global
	GlobalSection(SolutionConfigurationPlatforms) = preSolution
		Debug|Any CPU = Debug|Any CPU
		Release|Any CPU = Release|Any CPU
	EndGlobalSection
	GlobalSection(ProjectConfigurationPlatforms) = postSolution
		{F8541FAA-E0C7-406E-A11D-4CD7E8C69BBF}.Debug|Any CPU.ActiveCfg = Debug|Any CPU
		{F8541FAA-E0C7-406E-A11D-4CD7E8C69BBF}.Debug|Any CPU.Build.0 = Debug|Any CPU
		{F8541FAA-E0C7-406E-A11D-4CD7E8C69BBF}.Release|Any CPU.ActiveCfg = Release|Any CPU
		{F8541FAA-E0C7-406E-A11D-4CD7E8C69BBF}.Release|Any CPU.Build.0 = Release|Any CPU
		{D6827F85-B9C3-48AD-968D-53D1C259E5E7}.Debug|Any CPU.ActiveCfg = Debug|Any CPU
		{D6827F85-B9C3-48AD-968D-53D1C259E5E7}.Debug|Any CPU.Build.0 = Debug|Any CPU
		{D6827F85-B9C3-48AD-968D-53D1C259E5E7}.Release|Any CPU.ActiveCfg = Release|Any CPU
		{D6827F85-B9C3-48AD-968D-53D1C259E5E7}.Release|Any CPU.Build.0 = Release|Any CPU
		{6F4EB0F9-34EE-4DB8-A4E0-CA85C10768E3}.Debug|Any CPU.ActiveCfg = Debug|Any CPU
		{6F4EB0F9-34EE-4DB8-A4E0-CA85C10768E3}.Debug|Any CPU.Build.0 = Debug|Any CPU
		{6F4EB0F9-34EE-4DB8-A4E0-CA85C10768E3}.Release|Any CPU.ActiveCfg = Release|Any CPU
		{6F4EB0F9-34EE-4DB8-A4E0-CA85C10768E3}.Release|Any CPU.Build.0 = Release|Any CPU
		{18DF94F0-CB59-4416-A247-8DE82E80B542}.Debug|Any CPU.ActiveCfg = Debug|Any CPU
		{18DF94F0-CB59-4416-A247-8DE82E80B542}.Debug|Any CPU.Build.0 = Debug|Any CPU
		{18DF94F0-CB59-4416-A247-8DE82E80B542}.Release|Any CPU.ActiveCfg = Release|Any CPU
		{18DF94F0-CB59-4416-A247-8DE82E80B542}.Release|Any CPU.Build.0 = Release|Any CPU
		{CE2FCC06-DB0F-4B7A-82D9-0F6BF46BF2A5}.Debug|Any CPU.ActiveCfg = Debug|Any CPU
		{CE2FCC06-DB0F-4B7A-82D9-0F6BF46BF2A5}.Debug|Any CPU.Build.0 = Debug|Any CPU
		{CE2FCC06-DB0F-4B7A-82D9-0F6BF46BF2A5}.Release|Any CPU.ActiveCfg = Release|Any CPU
		{CE2FCC06-DB0F-4B7A-82D9-0F6BF46BF2A5}.Release|Any CPU.Build.0 = Release|Any CPU
		{49CE3648-7A6C-4C66-9D66-DDFE3C96CF54}.Debug|Any CPU.ActiveCfg = Debug|Any CPU
		{49CE3648-7A6C-4C66-9D66-DDFE3C96CF54}.Debug|Any CPU.Build.0 = Debug|Any CPU
		{49CE3648-7A6C-4C66-9D66-DDFE3C96CF54}.Release|Any CPU.ActiveCfg = Release|Any CPU
		{49CE3648-7A6C-4C66-9D66-DDFE3C96CF54}.Release|Any CPU.Build.0 = Release|Any CPU
		{4EC38E57-B2F2-42C7-8A8C-AF62EC114408}.Debug|Any CPU.ActiveCfg = Debug|Any CPU
		{4EC38E57-B2F2-42C7-8A8C-AF62EC114408}.Debug|Any CPU.Build.0 = Debug|Any CPU
		{4EC38E57-B2F2-42C7-8A8C-AF62EC114408}.Release|Any CPU.ActiveCfg = Release|Any CPU
		{4EC38E57-B2F2-42C7-8A8C-AF62EC114408}.Release|Any CPU.Build.0 = Release|Any CPU
		{DA664C54-1A2A-4DD5-8FE0-0CFFE8191547}.Debug|Any CPU.ActiveCfg = Debug|Any CPU
		{DA664C54-1A2A-4DD5-8FE0-0CFFE8191547}.Debug|Any CPU.Build.0 = Debug|Any CPU
		{DA664C54-1A2A-4DD5-8FE0-0CFFE8191547}.Debug|Any CPU.Deploy.0 = Debug|Any CPU
		{DA664C54-1A2A-4DD5-8FE0-0CFFE8191547}.Release|Any CPU.ActiveCfg = Release|Any CPU
		{DA664C54-1A2A-4DD5-8FE0-0CFFE8191547}.Release|Any CPU.Build.0 = Release|Any CPU
		{DA664C54-1A2A-4DD5-8FE0-0CFFE8191547}.Release|Any CPU.Deploy.0 = Release|Any CPU
		{4E4E227F-AFFA-48AE-9C21-079771C30015}.Debug|Any CPU.ActiveCfg = Debug|Any CPU
		{4E4E227F-AFFA-48AE-9C21-079771C30015}.Debug|Any CPU.Build.0 = Debug|Any CPU
		{4E4E227F-AFFA-48AE-9C21-079771C30015}.Release|Any CPU.ActiveCfg = Release|Any CPU
		{4E4E227F-AFFA-48AE-9C21-079771C30015}.Release|Any CPU.Build.0 = Release|Any CPU
		{64FCC200-C9BD-4637-BBAA-C58AE64FD7A7}.Debug|Any CPU.ActiveCfg = Debug|Any CPU
		{64FCC200-C9BD-4637-BBAA-C58AE64FD7A7}.Debug|Any CPU.Build.0 = Debug|Any CPU
		{64FCC200-C9BD-4637-BBAA-C58AE64FD7A7}.Release|Any CPU.ActiveCfg = Release|Any CPU
		{64FCC200-C9BD-4637-BBAA-C58AE64FD7A7}.Release|Any CPU.Build.0 = Release|Any CPU
		{FCCAF939-0B17-44DC-99F4-883593EAC019}.Debug|Any CPU.ActiveCfg = Debug|Any CPU
		{FCCAF939-0B17-44DC-99F4-883593EAC019}.Debug|Any CPU.Build.0 = Debug|Any CPU
		{FCCAF939-0B17-44DC-99F4-883593EAC019}.Release|Any CPU.ActiveCfg = Release|Any CPU
		{FCCAF939-0B17-44DC-99F4-883593EAC019}.Release|Any CPU.Build.0 = Release|Any CPU
		{85788ACB-3A19-4C20-AC99-58D1F1C61036}.Debug|Any CPU.ActiveCfg = Debug|Any CPU
		{85788ACB-3A19-4C20-AC99-58D1F1C61036}.Debug|Any CPU.Build.0 = Debug|Any CPU
		{85788ACB-3A19-4C20-AC99-58D1F1C61036}.Release|Any CPU.ActiveCfg = Release|Any CPU
		{85788ACB-3A19-4C20-AC99-58D1F1C61036}.Release|Any CPU.Build.0 = Release|Any CPU
		{0D3996C3-07A6-41CB-91E5-2E9651DC33F5}.Debug|Any CPU.ActiveCfg = Debug|Any CPU
		{0D3996C3-07A6-41CB-91E5-2E9651DC33F5}.Debug|Any CPU.Build.0 = Debug|Any CPU
		{0D3996C3-07A6-41CB-91E5-2E9651DC33F5}.Release|Any CPU.ActiveCfg = Release|Any CPU
		{0D3996C3-07A6-41CB-91E5-2E9651DC33F5}.Release|Any CPU.Build.0 = Release|Any CPU
		{9C1C8C94-64FC-47C5-A237-ACDE9F593F16}.Debug|Any CPU.ActiveCfg = Debug|Any CPU
		{9C1C8C94-64FC-47C5-A237-ACDE9F593F16}.Debug|Any CPU.Build.0 = Debug|Any CPU
		{9C1C8C94-64FC-47C5-A237-ACDE9F593F16}.Release|Any CPU.ActiveCfg = Release|Any CPU
		{9C1C8C94-64FC-47C5-A237-ACDE9F593F16}.Release|Any CPU.Build.0 = Release|Any CPU
		{D35F7C22-C061-423B-8BED-7A476E0F652A}.Debug|Any CPU.ActiveCfg = Debug|Any CPU
		{D35F7C22-C061-423B-8BED-7A476E0F652A}.Debug|Any CPU.Build.0 = Debug|Any CPU
		{D35F7C22-C061-423B-8BED-7A476E0F652A}.Release|Any CPU.ActiveCfg = Release|Any CPU
		{D35F7C22-C061-423B-8BED-7A476E0F652A}.Release|Any CPU.Build.0 = Release|Any CPU
		{BAC6D4ED-86FC-4297-894C-E94DD08D6B2E}.Debug|Any CPU.ActiveCfg = Debug|Any CPU
		{BAC6D4ED-86FC-4297-894C-E94DD08D6B2E}.Debug|Any CPU.Build.0 = Debug|Any CPU
		{BAC6D4ED-86FC-4297-894C-E94DD08D6B2E}.Release|Any CPU.ActiveCfg = Release|Any CPU
		{BAC6D4ED-86FC-4297-894C-E94DD08D6B2E}.Release|Any CPU.Build.0 = Release|Any CPU
		{CB380599-1DCD-4495-BE9D-754A9218DF9A}.Debug|Any CPU.ActiveCfg = Debug|Any CPU
		{CB380599-1DCD-4495-BE9D-754A9218DF9A}.Debug|Any CPU.Build.0 = Debug|Any CPU
		{CB380599-1DCD-4495-BE9D-754A9218DF9A}.Release|Any CPU.ActiveCfg = Release|Any CPU
		{CB380599-1DCD-4495-BE9D-754A9218DF9A}.Release|Any CPU.Build.0 = Release|Any CPU
		{6A26716B-622D-41A4-B318-C7DFC8BAEE24}.Debug|Any CPU.ActiveCfg = Debug|Any CPU
		{6A26716B-622D-41A4-B318-C7DFC8BAEE24}.Debug|Any CPU.Build.0 = Debug|Any CPU
		{6A26716B-622D-41A4-B318-C7DFC8BAEE24}.Release|Any CPU.ActiveCfg = Release|Any CPU
		{6A26716B-622D-41A4-B318-C7DFC8BAEE24}.Release|Any CPU.Build.0 = Release|Any CPU
		{AA581343-66F0-41B2-B648-7443084BDBB5}.Debug|Any CPU.ActiveCfg = Debug|Any CPU
		{AA581343-66F0-41B2-B648-7443084BDBB5}.Debug|Any CPU.Build.0 = Debug|Any CPU
		{AA581343-66F0-41B2-B648-7443084BDBB5}.Release|Any CPU.ActiveCfg = Release|Any CPU
		{AA581343-66F0-41B2-B648-7443084BDBB5}.Release|Any CPU.Build.0 = Release|Any CPU
	EndGlobalSection
	GlobalSection(SolutionProperties) = preSolution
		HideSolutionNode = FALSE
	EndGlobalSection
EndGlobal
